
Microsoft Visual Studio Solution File, Format Version 12.00
# Visual Studio Version 16
VisualStudioVersion = 16.0.31410.357
MinimumVisualStudioVersion = 10.0.40219.1
Project("{FAE04EC0-301F-11D3-BF4B-00C04F79EFBC}") = "Munters.Test", "Munters.Test.csproj", "{878B6600-CCBE-431F-A03F-379DEDCEC54A}"
EndProject
Project("{FAE04EC0-301F-11D3-BF4B-00C04F79EFBC}") = "Munters.Core", "..\Munters.Core\Munters.Core.csproj", "{55FB4BB4-E11B-473A-8CE2-1DF185A1B76B}"
EndProject
Project("{FAE04EC0-301F-11D3-BF4B-00C04F79EFBC}") = "Munters.BL", "..\Munters.BL\Munters.BL.csproj", "{D5F83B7C-93CA-4177-B2FD-2363CF5D90FB}"
EndProject
Global
	GlobalSection(SolutionConfigurationPlatforms) = preSolution
		Debug|Any CPU = Debug|Any CPU
		Release|Any CPU = Release|Any CPU
	EndGlobalSection
	GlobalSection(ProjectConfigurationPlatforms) = postSolution
		{878B6600-CCBE-431F-A03F-379DEDCEC54A}.Debug|Any CPU.ActiveCfg = Debug|Any CPU
		{878B6600-CCBE-431F-A03F-379DEDCEC54A}.Debug|Any CPU.Build.0 = Debug|Any CPU
		{878B6600-CCBE-431F-A03F-379DEDCEC54A}.Release|Any CPU.ActiveCfg = Release|Any CPU
		{878B6600-CCBE-431F-A03F-379DEDCEC54A}.Release|Any CPU.Build.0 = Release|Any CPU
		{55FB4BB4-E11B-473A-8CE2-1DF185A1B76B}.Debug|Any CPU.ActiveCfg = Debug|Any CPU
		{55FB4BB4-E11B-473A-8CE2-1DF185A1B76B}.Debug|Any CPU.Build.0 = Debug|Any CPU
		{55FB4BB4-E11B-473A-8CE2-1DF185A1B76B}.Release|Any CPU.ActiveCfg = Release|Any CPU
		{55FB4BB4-E11B-473A-8CE2-1DF185A1B76B}.Release|Any CPU.Build.0 = Release|Any CPU
		{D5F83B7C-93CA-4177-B2FD-2363CF5D90FB}.Debug|Any CPU.ActiveCfg = Debug|Any CPU
		{D5F83B7C-93CA-4177-B2FD-2363CF5D90FB}.Debug|Any CPU.Build.0 = Debug|Any CPU
		{D5F83B7C-93CA-4177-B2FD-2363CF5D90FB}.Release|Any CPU.ActiveCfg = Release|Any CPU
		{D5F83B7C-93CA-4177-B2FD-2363CF5D90FB}.Release|Any CPU.Build.0 = Release|Any CPU
	EndGlobalSection
	GlobalSection(SolutionProperties) = preSolution
		HideSolutionNode = FALSE
	EndGlobalSection
	GlobalSection(ExtensibilityGlobals) = postSolution
		SolutionGuid = {804600F7-41FE-4EFF-868C-8953601697C1}
	EndGlobalSection
EndGlobal
